{
  "version": "2",
  "remote": {
    "https://deno.land/std@0.168.0/_util/asserts.ts": "d0844e9b62510f89ce1f9878b046f6a57bf88f208a10304aab50efcb48365272",
    "https://deno.land/std@0.168.0/flags/mod.ts": "4f50ec6383c02684db35de38b3ffb2cd5b9fcfcc0b1147055d1980c49e82521c",
    "https://deno.land/std@0.176.0/_util/asserts.ts": "178dfc49a464aee693a7e285567b3d0b555dc805ff490505a8aae34f9cfb1462",
    "https://deno.land/std@0.176.0/_util/os.ts": "d932f56d41e4f6a6093d56044e29ce637f8dcc43c5a90af43504a889cf1775e3",
    "https://deno.land/std@0.176.0/encoding/hex.ts": "50f8c95b52eae24395d3dfcb5ec1ced37c5fe7610ef6fffdcc8b0fdc38e3b32f",
    "https://deno.land/std@0.176.0/fmt/colors.ts": "938c5d44d889fb82eff6c358bea8baa7e85950a16c9f6dae3ec3a7a729164471",
    "https://deno.land/std@0.176.0/fs/_util.ts": "65381f341af1ff7f40198cee15c20f59951ac26e51ddc651c5293e24f9ce6f32",
    "https://deno.land/std@0.176.0/fs/copy.ts": "14214efd94fc3aa6db1e4af2b4b9578e50f7362b7f3725d5a14ad259a5df26c8",
    "https://deno.land/std@0.176.0/fs/empty_dir.ts": "c3d2da4c7352fab1cf144a1ecfef58090769e8af633678e0f3fabaef98594688",
    "https://deno.land/std@0.176.0/fs/ensure_dir.ts": "724209875497a6b4628dfb256116e5651c4f7816741368d6c44aab2531a1e603",
    "https://deno.land/std@0.176.0/fs/ensure_file.ts": "c38602670bfaf259d86ca824a94e6cb9e5eb73757fefa4ebf43a90dd017d53d9",
    "https://deno.land/std@0.176.0/fs/ensure_link.ts": "c0f5b2f0ec094ed52b9128eccb1ee23362a617457aa0f699b145d4883f5b2fb4",
    "https://deno.land/std@0.176.0/fs/ensure_symlink.ts": "2955cc8332aeca9bdfefd05d8d3976b94e282b0f353392a71684808ed2ffdd41",
    "https://deno.land/std@0.176.0/fs/eol.ts": "f1f2eb348a750c34500741987b21d65607f352cf7205f48f4319d417fff42842",
    "https://deno.land/std@0.176.0/fs/exists.ts": "b8c8a457b71e9d7f29b9d2f87aad8dba2739cbe637e8926d6ba6e92567875f8e",
    "https://deno.land/std@0.176.0/fs/expand_glob.ts": "45d17e89796a24bd6002e4354eda67b4301bb8ba67d2cac8453cdabccf1d9ab0",
    "https://deno.land/std@0.176.0/fs/mod.ts": "bc3d0acd488cc7b42627044caf47d72019846d459279544e1934418955ba4898",
    "https://deno.land/std@0.176.0/fs/move.ts": "4cb47f880e3f0582c55e71c9f8b1e5e8cfaacb5e84f7390781dd563b7298ec19",
    "https://deno.land/std@0.176.0/fs/walk.ts": "ea95ffa6500c1eda6b365be488c056edc7c883a1db41ef46ec3bf057b1c0fe32",
    "https://deno.land/std@0.176.0/path/_constants.ts": "e49961f6f4f48039c0dfed3c3f93e963ca3d92791c9d478ac5b43183413136e0",
    "https://deno.land/std@0.176.0/path/_interface.ts": "6471159dfbbc357e03882c2266d21ef9afdb1e4aa771b0545e90db58a0ba314b",
    "https://deno.land/std@0.176.0/path/_util.ts": "d7abb1e0dea065f427b89156e28cdeb32b045870acdf865833ba808a73b576d0",
    "https://deno.land/std@0.176.0/path/common.ts": "ee7505ab01fd22de3963b64e46cff31f40de34f9f8de1fff6a1bd2fe79380000",
    "https://deno.land/std@0.176.0/path/glob.ts": "d479e0a695621c94d3fd7fe7abd4f9499caf32a8de13f25073451c6ef420a4e1",
    "https://deno.land/std@0.176.0/path/mod.ts": "4b83694ac500d7d31b0cdafc927080a53dc0c3027eb2895790fb155082b0d232",
    "https://deno.land/std@0.176.0/path/posix.ts": "8b7c67ac338714b30c816079303d0285dd24af6b284f7ad63da5b27372a2c94d",
    "https://deno.land/std@0.176.0/path/separator.ts": "0fb679739d0d1d7bf45b68dacfb4ec7563597a902edbaf3c59b50d5bcadd93b1",
    "https://deno.land/std@0.176.0/path/win32.ts": "d186344e5583bcbf8b18af416d13d82b35a317116e6460a5a3953508c3de5bba",
    "https://deno.land/std@0.177.0/_util/asserts.ts": "178dfc49a464aee693a7e285567b3d0b555dc805ff490505a8aae34f9cfb1462",
    "https://deno.land/std@0.177.0/bytes/bytes_list.ts": "b4cbdfd2c263a13e8a904b12d082f6177ea97d9297274a4be134e989450dfa6a",
    "https://deno.land/std@0.177.0/bytes/concat.ts": "d26d6f3d7922e6d663dacfcd357563b7bf4a380ce5b9c2bbe0c8586662f25ce2",
    "https://deno.land/std@0.177.0/bytes/copy.ts": "939d89e302a9761dcf1d9c937c7711174ed74c59eef40a1e4569a05c9de88219",
    "https://deno.land/std@0.177.0/io/buf_reader.ts": "90a7adcb3638d8e1361695cdf844d58bcd97c41711dc6f9f8acc0626ebe097f5",
    "https://deno.land/std@0.177.0/io/buf_writer.ts": "759c69d304b04d2909976f2a03a24a107276fbd81ed13593c5c2d43d104b52f3",
    "https://deno.land/std@0.177.0/io/buffer.ts": "e2b7564f684dad625cab08f5106f33572d325705d19a36822b3272fbdfb8f726",
    "https://deno.land/std@0.177.0/io/copy_n.ts": "c498021ce291576a68b5bae9f9d3a27f97644f4af6c1047fb1cff054af19e436",
    "https://deno.land/std@0.177.0/io/limited_reader.ts": "d709b5b3113d4cbf934415ba242596e0ecb130e8868fb47197217e09dbb59558",
    "https://deno.land/std@0.177.0/io/mod.ts": "2665bcccc1fd6e8627cca167c3e92aaecbd9897556b6f69e6d258070ef63fd9b",
    "https://deno.land/std@0.177.0/io/multi_reader.ts": "5f7ef6e987486322b38c72e206b8fbc8916d55a87fbcdc97a8b2596386c28d44",
    "https://deno.land/std@0.177.0/io/read_delim.ts": "7e102c66f00a118fa1e1ccd4abb080496f43766686907fd8b9522fdf85443586",
    "https://deno.land/std@0.177.0/io/read_int.ts": "7cb8bcdfaf1107586c3bacc583d11c64c060196cb070bb13ae8c2061404f911f",
    "https://deno.land/std@0.177.0/io/read_lines.ts": "baee9e35034f2fdfccf63bc24b7e3cb45aa1c1c5de26d178f7bcbc572e87772f",
    "https://deno.land/std@0.177.0/io/read_long.ts": "f0aaa420e3da1261c5d33c5e729f09922f3d9fa49f046258d4ff7a00d800c71e",
    "https://deno.land/std@0.177.0/io/read_range.ts": "28152daf32e43dd9f7d41d8466852b0d18ad766cd5c4334c91fef6e1b3a74eb5",
    "https://deno.land/std@0.177.0/io/read_short.ts": "805cb329574b850b84bf14a92c052c59b5977a492cd780c41df8ad40826c1a20",
    "https://deno.land/std@0.177.0/io/read_string_delim.ts": "46eb0c9db3547caf8c759631effa200bbe48924f9b34f41edc627bde36cee52d",
    "https://deno.land/std@0.177.0/io/slice_long_to_bytes.ts": "b096472afa3a0dd90fa84584dde7706ed29fc16d48009a581c49368f09fe70f4",
    "https://deno.land/std@0.177.0/io/string_reader.ts": "ad9cbecb8509732afcf3d73bb72fa551ec0ccc34f9b8127826247f0190753a65",
    "https://deno.land/std@0.177.0/io/string_writer.ts": "8a03c5858c24965a54c6538bed15f32a7c72f5704a12bda56f83a40e28e5433e",
    "https://deno.land/std@0.177.0/types.d.ts": "220ed56662a0bd393ba5d124aa6ae2ad36a00d2fcbc0e8666a65f4606aaa9784",
    "https://deno.land/std@0.179.0/_util/asserts.ts": "178dfc49a464aee693a7e285567b3d0b555dc805ff490505a8aae34f9cfb1462",
    "https://deno.land/std@0.179.0/_util/os.ts": "d932f56d41e4f6a6093d56044e29ce637f8dcc43c5a90af43504a889cf1775e3",
    "https://deno.land/std@0.179.0/path/_constants.ts": "e49961f6f4f48039c0dfed3c3f93e963ca3d92791c9d478ac5b43183413136e0",
    "https://deno.land/std@0.179.0/path/_interface.ts": "6471159dfbbc357e03882c2266d21ef9afdb1e4aa771b0545e90db58a0ba314b",
    "https://deno.land/std@0.179.0/path/_util.ts": "d7abb1e0dea065f427b89156e28cdeb32b045870acdf865833ba808a73b576d0",
    "https://deno.land/std@0.179.0/path/common.ts": "ee7505ab01fd22de3963b64e46cff31f40de34f9f8de1fff6a1bd2fe79380000",
    "https://deno.land/std@0.179.0/path/glob.ts": "d479e0a695621c94d3fd7fe7abd4f9499caf32a8de13f25073451c6ef420a4e1",
    "https://deno.land/std@0.179.0/path/mod.ts": "4b83694ac500d7d31b0cdafc927080a53dc0c3027eb2895790fb155082b0d232",
    "https://deno.land/std@0.179.0/path/posix.ts": "8b7c67ac338714b30c816079303d0285dd24af6b284f7ad63da5b27372a2c94d",
    "https://deno.land/std@0.179.0/path/separator.ts": "0fb679739d0d1d7bf45b68dacfb4ec7563597a902edbaf3c59b50d5bcadd93b1",
    "https://deno.land/std@0.179.0/path/win32.ts": "d186344e5583bcbf8b18af416d13d82b35a317116e6460a5a3953508c3de5bba",
    "https://deno.land/std@0.181.0/async/abortable.ts": "fd682fa46f3b7b16b4606a5ab52a7ce309434b76f820d3221bdfb862719a15d7",
    "https://deno.land/std@0.181.0/async/deadline.ts": "c5facb0b404eede83e38bd2717ea8ab34faa2ffb20ef87fd261fcba32ba307aa",
    "https://deno.land/std@0.181.0/async/debounce.ts": "adab11d04ca38d699444ac8a9d9856b4155e8dda2afd07ce78276c01ea5a4332",
    "https://deno.land/std@0.181.0/async/deferred.ts": "42790112f36a75a57db4a96d33974a936deb7b04d25c6084a9fa8a49f135def8",
    "https://deno.land/std@0.181.0/async/delay.ts": "73aa04cec034c84fc748c7be49bb15cac3dd43a57174bfdb7a4aec22c248f0dd",
    "https://deno.land/std@0.181.0/async/mod.ts": "f04344fa21738e5ad6bea37a6bfffd57c617c2d372bb9f9dcfd118a1b622e576",
    "https://deno.land/std@0.181.0/async/mux_async_iterator.ts": "70c7f2ee4e9466161350473ad61cac0b9f115cff4c552eaa7ef9d50c4cbb4cc9",
    "https://deno.land/std@0.181.0/async/pool.ts": "fd082bd4aaf26445909889435a5c74334c017847842ec035739b4ae637ae8260",
    "https://deno.land/std@0.181.0/async/retry.ts": "dd19d93033d8eaddbfcb7654c0366e9d3b0a21448bdb06eba4a7d8a8cf936a92",
    "https://deno.land/std@0.181.0/async/tee.ts": "47e42d35f622650b02234d43803d0383a89eb4387e1b83b5a40106d18ae36757",
    "https://deno.land/std@0.181.0/http/server.ts": "cbb17b594651215ba95c01a395700684e569c165a567e4e04bba327f41197433",
    "https://deno.land/x/hono@v3.1.3/client/client.ts": "c279ae0fd26bc10989bb9ad9025eb22db6317530c09ffdb3e59c0a932534f3ce",
    "https://deno.land/x/hono@v3.1.3/client/index.ts": "7ad089b121f2613a0eaedd3d8aa8307a48bf3bf48f6c38281d6e73ee35f0d7ea",
    "https://deno.land/x/hono@v3.1.3/client/types.ts": "ccf9ae6ae9aa0be5f3254143a3e7a7ac7b0c1c69c65ef2f72e76b01de101c741",
    "https://deno.land/x/hono@v3.1.3/client/utils.ts": "d7ff6b55f5b00715dacecaefd39e598f2a5e4cb863a64b0bee1020a725640cd7",
    "https://deno.land/x/hono@v3.1.3/compose.ts": "9bc97f737857da061b2294eb9812b7e0ca773acc2e913c11bf93d5732c0469f0",
    "https://deno.land/x/hono@v3.1.3/context.ts": "b8d8331238af89feb509a5ece6111bb72ef60509bd3936c2f5d49322c44f3d31",
    "https://deno.land/x/hono@v3.1.3/hono.ts": "a85789f0332dcaeaed1a2b81fbc766ca4bcfc3fb3109f9d8de6fec61c750b61d",
    "https://deno.land/x/hono@v3.1.3/http-exception.ts": "e74a5e8504ecf795e9babdc2bab9d4052e1806a7396efc89f8e1ed83e813e3be",
    "https://deno.land/x/hono@v3.1.3/mod.ts": "8fb4f86e935574b4bba498556eb295d9f94515b9b86046e0ebd240784aa3bb14",
    "https://deno.land/x/hono@v3.1.3/request.ts": "1cfe249dcf8ed4c2a5646bfbb9fbb3328d5cbea67d1cbea478fc5af297ce0536",
    "https://deno.land/x/hono@v3.1.3/router.ts": "21448bc2e6019574c10fae11237da4367037fa107e68bf3d049cd2fd0efd2adb",
    "https://deno.land/x/hono@v3.1.3/router/reg-exp-router/index.ts": "52755829213941756159b7a963097bafde5cc4fc22b13b1c7c9184dc0512d1db",
    "https://deno.land/x/hono@v3.1.3/router/reg-exp-router/node.ts": "8006b5bccb83d9fc98e0562a5545f6dd0be639ce445b089a6171c9c617aa8693",
    "https://deno.land/x/hono@v3.1.3/router/reg-exp-router/router.ts": "35a405c855cf6d10c350a651169c2c728fd19aaf3d3a0c416e5a06752914e6bd",
    "https://deno.land/x/hono@v3.1.3/router/reg-exp-router/trie.ts": "567493b301c44174f0895aedb8d055bbecf88f8a25626fa8ca61333bbd0c882c",
    "https://deno.land/x/hono@v3.1.3/router/smart-router/index.ts": "74f9b4fe15ea535900f2b9b048581915f12fe94e531dd2b0032f5610e61c3bef",
    "https://deno.land/x/hono@v3.1.3/router/smart-router/router.ts": "1d54f5c87875d856ed5fc2d22a100e1ff31debe3e9d8e9b1cc18d8e5706239f2",
    "https://deno.land/x/hono@v3.1.3/router/trie-router/index.ts": "3eb75e7f71ba81801631b30de6b1f5cefb2c7239c03797e2b2cbab5085911b41",
    "https://deno.land/x/hono@v3.1.3/router/trie-router/node.ts": "ca5b6a1ce6b6dc01003809bfa9cb93a323b37b27feee14c64655015deff7d2a9",
    "https://deno.land/x/hono@v3.1.3/router/trie-router/router.ts": "0a969528a0c1680b552b20f0ca90e484e968ac279be9d5fd952b61a804d680e7",
    "https://deno.land/x/hono@v3.1.3/types.ts": "9e6d337bbdbb9ee1293af11b3f1944c94954e2072bb6574cf1eeda9aa911592a",
    "https://deno.land/x/hono@v3.1.3/utils/body.ts": "b6b5ed679122968a74845df4c5454c677f09adc4f3466d822f3b1397884e540e",
    "https://deno.land/x/hono@v3.1.3/utils/cookie.ts": "545872bd7af3b455c24fd386ecbccfd161e7d4a0038d6b09b1bb22723602f90a",
    "https://deno.land/x/hono@v3.1.3/utils/http-status.ts": "2d6003e352c1fe918db663fa4bd2b20bf0b9d4e1699ba5e163f317f00b29d938",
    "https://deno.land/x/hono@v3.1.3/utils/types.ts": "64fe2bf6526c682024bc5d0cd59d01a32f12bb9b80dca58d1cfc4e70231ef696",
    "https://deno.land/x/hono@v3.1.3/utils/url.ts": "f63381df370885c360b468e3952bce5f9156637e78700accac2e97c013c0b5c2",
    "https://deno.land/x/hono@v3.1.3/validator/index.ts": "6c986e8b91dcf857ecc8164a506ae8eea8665792a4ff7215471df669c632ae7c",
    "https://deno.land/x/hono@v3.1.3/validator/validator.ts": "e52183ddf8cefc3cfe2788802fe6ce766df8ac904df485107b01cbcca167dbad",
    "https://deno.land/x/nats@v1.13.0/nats-base-client/authenticator.ts": "957275b79259a732d14774e153615512046e511a981550fefb5f58a4c4f113b9",
    "https://deno.land/x/nats@v1.13.0/nats-base-client/base64.ts": "c031bf9f8ac451f2e50c44a3b2f9ff564d61bb14c51834ce73db837e1dee432b",
    "https://deno.land/x/nats@v1.13.0/nats-base-client/bench.ts": "4345f9a0b74867476b91ef4e3fd8228574821fc09dd74715bc187a3c1c517a09",
    "https://deno.land/x/nats@v1.13.0/nats-base-client/codec.ts": "7067df0935473afe5d7e943bd33381d2be768972b7bf306c3b0cd88cdfcfcf26",
    "https://deno.land/x/nats@v1.13.0/nats-base-client/databuffer.ts": "4f92f772ca6701d15f2d148d2d34543558d458b20014d0404f605f84b747b75f",
    "https://deno.land/x/nats@v1.13.0/nats-base-client/denobuffer.ts": "83686bd747953167824694a3f4882ed7134a4fe70b3af89b65b41c284bc0c06a",
    "https://deno.land/x/nats@v1.13.0/nats-base-client/encoders.ts": "af6cb8be55541f934c7048a611e9d1af306093edfe32cd33977f005ebde65d70",
    "https://deno.land/x/nats@v1.13.0/nats-base-client/error.ts": "f00f6c60f9c462415c92652e326ca6c4da2c2edd4d55335a593d50a54b8c8c49",
    "https://deno.land/x/nats@v1.13.0/nats-base-client/headers.ts": "bdc3042cdd89673bf6e1e7ae1d2922f9d5b4c73ae99c08567055f181170dfe63",
    "https://deno.land/x/nats@v1.13.0/nats-base-client/heartbeats.ts": "d5cca54532f4280437263f54288c0cdf5cc17263ed5799db73b7bee6b5549532",
    "https://deno.land/x/nats@v1.13.0/nats-base-client/idleheartbeat.ts": "42c778ccc9de852c162715e3e8bcdabddeae21d038b6ffecf07f257568a1c2da",
    "https://deno.land/x/nats@v1.13.0/nats-base-client/internal_mod.ts": "a5d9a70f98de40e2f98538f81d6609ae2d2ab58e4d4102fbbdf3fb8860d3a230",
    "https://deno.land/x/nats@v1.13.0/nats-base-client/ipparser.ts": "eced7163655be5bb457f9a3a5880239131996e3ae7d7817db88c156faa42d29f",
    "https://deno.land/x/nats@v1.13.0/nats-base-client/jsbaseclient_api.ts": "ea0eb1e4ef1f39027303c0cddc6ab2daad529029e5f9570e549b99c7440781b6",
    "https://deno.land/x/nats@v1.13.0/nats-base-client/jsclient.ts": "e3435c06a45cdc37ce0eddb0438c0262b4a82cc7ea0bf707b8e9d8cf9ac2fb35",
    "https://deno.land/x/nats@v1.13.0/nats-base-client/jsconsumeropts.ts": "95ea16f67ded03e7ecd5f302ac3f0b710c1e1f88d832b030f139b36be95e9f0c",
    "https://deno.land/x/nats@v1.13.0/nats-base-client/jslister.ts": "f7e360f75ad77813c043aa3ab96e17bf9c2711f20709bacadd0402fbfbf70004",
    "https://deno.land/x/nats@v1.13.0/nats-base-client/jsm.ts": "89087bcd6da1d3a2207055ffe76063ba70e1eebee2fb0f1f0322b68c823ca39a",
    "https://deno.land/x/nats@v1.13.0/nats-base-client/jsmconsumer_api.ts": "7178b335856a16c34360cd5120e8031eeeeeff9c92c204e13536dc5345c8ca08",
    "https://deno.land/x/nats@v1.13.0/nats-base-client/jsmdirect_api.ts": "ffa7e3c880f89c8273cbb4fa2a12ac1f96312d1a1a47a59d6a0fcdf296e0dd98",
    "https://deno.land/x/nats@v1.13.0/nats-base-client/jsmsg.ts": "920b6663c1c52ac02fa50ad80024b1f364c25b529e826a22d92e339262f5c5a8",
    "https://deno.land/x/nats@v1.13.0/nats-base-client/jsmstream_api.ts": "350ce3f1cca5f0fb2525c247d4a69ce308ae4dde17f9877d422043b053665ec9",
    "https://deno.land/x/nats@v1.13.0/nats-base-client/jsutil.ts": "fdfedddb046393f7c0c688c3c0b39eac0906288800740444b0f523a598f66fe9",
    "https://deno.land/x/nats@v1.13.0/nats-base-client/kv.ts": "82240e37be2ae36e573f677c4d6d478cf4cb16b558f4389b387c4b4ad09b2e8a",
    "https://deno.land/x/nats@v1.13.0/nats-base-client/mod.ts": "21843a44e5c0db2b9014e6408b251d43563e06df73315214bf24efeb7967ec8a",
    "https://deno.land/x/nats@v1.13.0/nats-base-client/msg.ts": "a5f7a546d7753d05377c14d192ad9b518be6d15fb02d7b679e723d05f7218719",
    "https://deno.land/x/nats@v1.13.0/nats-base-client/muxsubscription.ts": "aba292629719f8e0a2dac597292e7a74407840a0049dbd044134773d9fd49eac",
    "https://deno.land/x/nats@v1.13.0/nats-base-client/nats.ts": "59456c645d2603fb5aa8ba5536df170625b6861ac40fddd8c351cf5e54ed26a9",
    "https://deno.land/x/nats@v1.13.0/nats-base-client/nkeys.ts": "01aa92908831dd3baad8dbc0e1b3eb05c7b8532a96f799244ff5da16aaee8e69",
    "https://deno.land/x/nats@v1.13.0/nats-base-client/nuid.ts": "f9b0a944338f6b5cf44dd652d22016acdc59ab6fbdaef6cdffa4bae633f2e0f5",
    "https://deno.land/x/nats@v1.13.0/nats-base-client/objectstore.ts": "3b85fe3d6b86f6b3795db5541b047beb510e0434bf1562a5e9d81c4bcbfcb01a",
    "https://deno.land/x/nats@v1.13.0/nats-base-client/options.ts": "08dbf25c5a8f858758e3799ea1dc806f1164b1da206e6a234ab128dc7c07463a",
    "https://deno.land/x/nats@v1.13.0/nats-base-client/parser.ts": "1fb5b9cd07be194ff8c93ee531e04e0b1d03da76001f3268e87599cc1edabe1b",
    "https://deno.land/x/nats@v1.13.0/nats-base-client/protocol.ts": "64fca11cdf72bac9e7ef0cfb1547211c1d5be61b170d284076e4275d8c9f64ed",
    "https://deno.land/x/nats@v1.13.0/nats-base-client/queued_iterator.ts": "0d92da9f22d3849936f69e060256558eaf04269cc26d9e3741d5cd0769392f6d",
    "https://deno.land/x/nats@v1.13.0/nats-base-client/request.ts": "4166bb803a5d82589f5b7bc7b45bfb2c5647fe32adff86ff88aa85280bd64811",
    "https://deno.land/x/nats@v1.13.0/nats-base-client/semver.ts": "ff3950bb332433d2c6f18ff752cc5943b4eb658e87791a1d1eccf4924e86ac48",
    "https://deno.land/x/nats@v1.13.0/nats-base-client/servers.ts": "774abccd926ca3353dfc771ddb16883a4d7094421551be581e83ca4028615918",
    "https://deno.land/x/nats@v1.13.0/nats-base-client/service.ts": "626d2ade3a27e8632b6be76d00f13c5509c4cf1271d070718e0f1293d4d864ff",
    "https://deno.land/x/nats@v1.13.0/nats-base-client/serviceclient.ts": "bbc99532339cef91e2b32256417d93c4c43248a73ada2c70ea6b3faf83259396",
    "https://deno.land/x/nats@v1.13.0/nats-base-client/sha256.js": "87a436302eafacfea9600cf0276245f39d13718c4cbaa81daff47af4ea6523fd",
    "https://deno.land/x/nats@v1.13.0/nats-base-client/subscription.ts": "39a5a3b583cc6edfa9e8316ec13e4fb6d0e6ba4c3718f6e8eee513b1fac9300f",
    "https://deno.land/x/nats@v1.13.0/nats-base-client/subscriptions.ts": "47c42aba0ab64844b3352d56b0d887b3f785dd581928500f5af7d2d89e7629c9",
    "https://deno.land/x/nats@v1.13.0/nats-base-client/transport.ts": "6eb5a2dd507d73e835bb66597809dbdf69f9304c050b1c563cb7806170fd1f82",
    "https://deno.land/x/nats@v1.13.0/nats-base-client/typedsub.ts": "7f7363c9de53ee12e607734e6598fb6a49fb94f64f7f6f54406a67fd030490ea",
    "https://deno.land/x/nats@v1.13.0/nats-base-client/types.ts": "bdd8f0eeb87d2ea2e315641747ddc0edd98be2c1d993641a10d92264a270dc3d",
    "https://deno.land/x/nats@v1.13.0/nats-base-client/util.ts": "acc86328fe7217167182eab2ed9b95d7a456ef5955334c63d6951742b94eca20",
    "https://deno.land/x/nats@v1.13.0/src/connect.ts": "117abbed3b942555451e5adf31befd34ee64aa2b12e36688cb11fb9c7e69c221",
    "https://deno.land/x/nats@v1.13.0/src/deno_transport.ts": "ec913639b44c9cb6402029339bace77f9f648ceb42efef7f04edb94143059562",
    "https://deno.land/x/nats@v1.13.0/src/mod.ts": "4ecf45846e6de9fc772988f22ca8d1ca533561873b91fe37ea6160105d109a9e",
    "https://deno.land/x/natsws@v1.14.0/src/connect.ts": "624e9f7f14e195c4bd671b1e6f5ccb5520d877a40ad56f0fe9fe639c7ac51a88",
    "https://deno.land/x/natsws@v1.14.0/src/mod.ts": "853c6692bc475827d82b969c0040065ef27058be0831e996ea45eaa263e397bf",
    "https://deno.land/x/natsws@v1.14.0/src/ws_transport.ts": "64b1f1365dfc5c1de9100afe8efd521e2ab2427da16ca9f56f2080ddc9f80359",
    "https://deno.land/x/plug@1.0.1/deps.ts": "35ea2acd5e3e11846817a429b7ef4bec47b80f2d988f5d63797147134cbd35c2",
    "https://deno.land/x/plug@1.0.1/download.ts": "8d6a023ade0806a0653b48cd5f6f8b15fcfaa1dbf2aa1f4bc90fc5732d27b144",
    "https://deno.land/x/plug@1.0.1/mod.ts": "5dec80ee7a3a325be45c03439558531bce7707ac118f4376cebbd6740ff24bfb",
    "https://deno.land/x/plug@1.0.1/types.ts": "d8eb738fc6ed883e6abf77093442c2f0b71af9090f15c7613621d4039e410ee1",
    "https://deno.land/x/plug@1.0.1/util.ts": "5ba8127b9adc36e070b9e22971fb8106869eea1741f452a87b4861e574f13481",
    "https://deno.land/x/sqlite3@0.9.1/deno.json": "50895b0bb0c13ae38b93413d7f9f62652f6e7076cd99b9876f6b3b7f6c488dca",
    "https://deno.land/x/sqlite3@0.9.1/deps.ts": "f6035f0884a730c0d55b0cdce68846f13bbfc14e8afbf0b3cd4f12a52b4107b7",
    "https://deno.land/x/sqlite3@0.9.1/mod.ts": "d41b8b30e1b20b537ef4d78cae98d90f6bd65c727b64aa1a18bffbb28f7d6ec3",
    "https://deno.land/x/sqlite3@0.9.1/src/blob.ts": "3681353b3c97bc43f9b02f8d1c3269c0dc4eb9cb5d3af16c7ce4d1e1ec7507c4",
    "https://deno.land/x/sqlite3@0.9.1/src/constants.ts": "85fd27aa6e199093f25f5f437052e16fd0e0870b96ca9b24a98e04ddc8b7d006",
    "https://deno.land/x/sqlite3@0.9.1/src/database.ts": "c326446463955f276dcbe18547ede4b19ea3085bef0980548c0a58d830b3b5d9",
    "https://deno.land/x/sqlite3@0.9.1/src/ffi.ts": "b83f6d16179be7a97a298d6e8172941dbf532058e7c2b3df3a708beefe285c90",
    "https://deno.land/x/sqlite3@0.9.1/src/statement.ts": "4773bc8699a9084b93e65126cd5f9219c248de1fce447270bdae2c3630637150",
    "https://deno.land/x/sqlite3@0.9.1/src/util.ts": "3892904eb057271d4072215c3e7ffe57a9e59e4df78ac575046eb278ca6239cd",
    "https://raw.githubusercontent.com/nats-io/nats.deno/v1.13.0/nats-base-client/authenticator.ts": "957275b79259a732d14774e153615512046e511a981550fefb5f58a4c4f113b9",
    "https://raw.githubusercontent.com/nats-io/nats.deno/v1.13.0/nats-base-client/base64.ts": "c031bf9f8ac451f2e50c44a3b2f9ff564d61bb14c51834ce73db837e1dee432b",
    "https://raw.githubusercontent.com/nats-io/nats.deno/v1.13.0/nats-base-client/bench.ts": "4345f9a0b74867476b91ef4e3fd8228574821fc09dd74715bc187a3c1c517a09",
    "https://raw.githubusercontent.com/nats-io/nats.deno/v1.13.0/nats-base-client/codec.ts": "7067df0935473afe5d7e943bd33381d2be768972b7bf306c3b0cd88cdfcfcf26",
    "https://raw.githubusercontent.com/nats-io/nats.deno/v1.13.0/nats-base-client/databuffer.ts": "4f92f772ca6701d15f2d148d2d34543558d458b20014d0404f605f84b747b75f",
    "https://raw.githubusercontent.com/nats-io/nats.deno/v1.13.0/nats-base-client/denobuffer.ts": "83686bd747953167824694a3f4882ed7134a4fe70b3af89b65b41c284bc0c06a",
    "https://raw.githubusercontent.com/nats-io/nats.deno/v1.13.0/nats-base-client/encoders.ts": "af6cb8be55541f934c7048a611e9d1af306093edfe32cd33977f005ebde65d70",
    "https://raw.githubusercontent.com/nats-io/nats.deno/v1.13.0/nats-base-client/error.ts": "f00f6c60f9c462415c92652e326ca6c4da2c2edd4d55335a593d50a54b8c8c49",
    "https://raw.githubusercontent.com/nats-io/nats.deno/v1.13.0/nats-base-client/headers.ts": "bdc3042cdd89673bf6e1e7ae1d2922f9d5b4c73ae99c08567055f181170dfe63",
    "https://raw.githubusercontent.com/nats-io/nats.deno/v1.13.0/nats-base-client/heartbeats.ts": "d5cca54532f4280437263f54288c0cdf5cc17263ed5799db73b7bee6b5549532",
    "https://raw.githubusercontent.com/nats-io/nats.deno/v1.13.0/nats-base-client/idleheartbeat.ts": "42c778ccc9de852c162715e3e8bcdabddeae21d038b6ffecf07f257568a1c2da",
    "https://raw.githubusercontent.com/nats-io/nats.deno/v1.13.0/nats-base-client/internal_mod.ts": "a5d9a70f98de40e2f98538f81d6609ae2d2ab58e4d4102fbbdf3fb8860d3a230",
    "https://raw.githubusercontent.com/nats-io/nats.deno/v1.13.0/nats-base-client/ipparser.ts": "eced7163655be5bb457f9a3a5880239131996e3ae7d7817db88c156faa42d29f",
    "https://raw.githubusercontent.com/nats-io/nats.deno/v1.13.0/nats-base-client/jsbaseclient_api.ts": "ea0eb1e4ef1f39027303c0cddc6ab2daad529029e5f9570e549b99c7440781b6",
    "https://raw.githubusercontent.com/nats-io/nats.deno/v1.13.0/nats-base-client/jsclient.ts": "e3435c06a45cdc37ce0eddb0438c0262b4a82cc7ea0bf707b8e9d8cf9ac2fb35",
    "https://raw.githubusercontent.com/nats-io/nats.deno/v1.13.0/nats-base-client/jsconsumeropts.ts": "95ea16f67ded03e7ecd5f302ac3f0b710c1e1f88d832b030f139b36be95e9f0c",
    "https://raw.githubusercontent.com/nats-io/nats.deno/v1.13.0/nats-base-client/jslister.ts": "f7e360f75ad77813c043aa3ab96e17bf9c2711f20709bacadd0402fbfbf70004",
    "https://raw.githubusercontent.com/nats-io/nats.deno/v1.13.0/nats-base-client/jsm.ts": "89087bcd6da1d3a2207055ffe76063ba70e1eebee2fb0f1f0322b68c823ca39a",
    "https://raw.githubusercontent.com/nats-io/nats.deno/v1.13.0/nats-base-client/jsmconsumer_api.ts": "7178b335856a16c34360cd5120e8031eeeeeff9c92c204e13536dc5345c8ca08",
    "https://raw.githubusercontent.com/nats-io/nats.deno/v1.13.0/nats-base-client/jsmdirect_api.ts": "ffa7e3c880f89c8273cbb4fa2a12ac1f96312d1a1a47a59d6a0fcdf296e0dd98",
    "https://raw.githubusercontent.com/nats-io/nats.deno/v1.13.0/nats-base-client/jsmsg.ts": "920b6663c1c52ac02fa50ad80024b1f364c25b529e826a22d92e339262f5c5a8",
    "https://raw.githubusercontent.com/nats-io/nats.deno/v1.13.0/nats-base-client/jsmstream_api.ts": "350ce3f1cca5f0fb2525c247d4a69ce308ae4dde17f9877d422043b053665ec9",
    "https://raw.githubusercontent.com/nats-io/nats.deno/v1.13.0/nats-base-client/jsutil.ts": "fdfedddb046393f7c0c688c3c0b39eac0906288800740444b0f523a598f66fe9",
    "https://raw.githubusercontent.com/nats-io/nats.deno/v1.13.0/nats-base-client/kv.ts": "82240e37be2ae36e573f677c4d6d478cf4cb16b558f4389b387c4b4ad09b2e8a",
    "https://raw.githubusercontent.com/nats-io/nats.deno/v1.13.0/nats-base-client/mod.ts": "21843a44e5c0db2b9014e6408b251d43563e06df73315214bf24efeb7967ec8a",
    "https://raw.githubusercontent.com/nats-io/nats.deno/v1.13.0/nats-base-client/msg.ts": "a5f7a546d7753d05377c14d192ad9b518be6d15fb02d7b679e723d05f7218719",
    "https://raw.githubusercontent.com/nats-io/nats.deno/v1.13.0/nats-base-client/muxsubscription.ts": "aba292629719f8e0a2dac597292e7a74407840a0049dbd044134773d9fd49eac",
    "https://raw.githubusercontent.com/nats-io/nats.deno/v1.13.0/nats-base-client/nats.ts": "59456c645d2603fb5aa8ba5536df170625b6861ac40fddd8c351cf5e54ed26a9",
    "https://raw.githubusercontent.com/nats-io/nats.deno/v1.13.0/nats-base-client/nkeys.ts": "01aa92908831dd3baad8dbc0e1b3eb05c7b8532a96f799244ff5da16aaee8e69",
    "https://raw.githubusercontent.com/nats-io/nats.deno/v1.13.0/nats-base-client/nuid.ts": "f9b0a944338f6b5cf44dd652d22016acdc59ab6fbdaef6cdffa4bae633f2e0f5",
    "https://raw.githubusercontent.com/nats-io/nats.deno/v1.13.0/nats-base-client/objectstore.ts": "3b85fe3d6b86f6b3795db5541b047beb510e0434bf1562a5e9d81c4bcbfcb01a",
    "https://raw.githubusercontent.com/nats-io/nats.deno/v1.13.0/nats-base-client/options.ts": "08dbf25c5a8f858758e3799ea1dc806f1164b1da206e6a234ab128dc7c07463a",
    "https://raw.githubusercontent.com/nats-io/nats.deno/v1.13.0/nats-base-client/parser.ts": "1fb5b9cd07be194ff8c93ee531e04e0b1d03da76001f3268e87599cc1edabe1b",
    "https://raw.githubusercontent.com/nats-io/nats.deno/v1.13.0/nats-base-client/protocol.ts": "64fca11cdf72bac9e7ef0cfb1547211c1d5be61b170d284076e4275d8c9f64ed",
    "https://raw.githubusercontent.com/nats-io/nats.deno/v1.13.0/nats-base-client/queued_iterator.ts": "0d92da9f22d3849936f69e060256558eaf04269cc26d9e3741d5cd0769392f6d",
    "https://raw.githubusercontent.com/nats-io/nats.deno/v1.13.0/nats-base-client/request.ts": "4166bb803a5d82589f5b7bc7b45bfb2c5647fe32adff86ff88aa85280bd64811",
    "https://raw.githubusercontent.com/nats-io/nats.deno/v1.13.0/nats-base-client/semver.ts": "ff3950bb332433d2c6f18ff752cc5943b4eb658e87791a1d1eccf4924e86ac48",
    "https://raw.githubusercontent.com/nats-io/nats.deno/v1.13.0/nats-base-client/servers.ts": "774abccd926ca3353dfc771ddb16883a4d7094421551be581e83ca4028615918",
    "https://raw.githubusercontent.com/nats-io/nats.deno/v1.13.0/nats-base-client/service.ts": "626d2ade3a27e8632b6be76d00f13c5509c4cf1271d070718e0f1293d4d864ff",
    "https://raw.githubusercontent.com/nats-io/nats.deno/v1.13.0/nats-base-client/serviceclient.ts": "bbc99532339cef91e2b32256417d93c4c43248a73ada2c70ea6b3faf83259396",
    "https://raw.githubusercontent.com/nats-io/nats.deno/v1.13.0/nats-base-client/sha256.js": "87a436302eafacfea9600cf0276245f39d13718c4cbaa81daff47af4ea6523fd",
    "https://raw.githubusercontent.com/nats-io/nats.deno/v1.13.0/nats-base-client/subscription.ts": "39a5a3b583cc6edfa9e8316ec13e4fb6d0e6ba4c3718f6e8eee513b1fac9300f",
    "https://raw.githubusercontent.com/nats-io/nats.deno/v1.13.0/nats-base-client/subscriptions.ts": "47c42aba0ab64844b3352d56b0d887b3f785dd581928500f5af7d2d89e7629c9",
    "https://raw.githubusercontent.com/nats-io/nats.deno/v1.13.0/nats-base-client/transport.ts": "6eb5a2dd507d73e835bb66597809dbdf69f9304c050b1c563cb7806170fd1f82",
    "https://raw.githubusercontent.com/nats-io/nats.deno/v1.13.0/nats-base-client/typedsub.ts": "7f7363c9de53ee12e607734e6598fb6a49fb94f64f7f6f54406a67fd030490ea",
    "https://raw.githubusercontent.com/nats-io/nats.deno/v1.13.0/nats-base-client/types.ts": "bdd8f0eeb87d2ea2e315641747ddc0edd98be2c1d993641a10d92264a270dc3d",
    "https://raw.githubusercontent.com/nats-io/nats.deno/v1.13.0/nats-base-client/util.ts": "acc86328fe7217167182eab2ed9b95d7a456ef5955334c63d6951742b94eca20",
    "https://raw.githubusercontent.com/nats-io/nkeys.js/v1.0.4/modules/esm/deps.ts": "38d8dcfc3ca0b7429532477127719affa0da04824610e2a1069f9f935032894f",
    "https://raw.githubusercontent.com/nats-io/nkeys.js/v1.0.4/modules/esm/mod.ts": "43c3fbbad0244dde7ae229e778dbefba7f28955a7ff5257d4ed1635b5576fb31",
    "https://raw.githubusercontent.com/nats-io/nkeys.js/v1.0.4/modules/esm/nacl.js": "251e4ffcd6d2c56c7773bcf8c1549e9c07b32adb7a2156908a04930a52e614de",
    "https://raw.githubusercontent.com/nats-io/nkeys.js/v1.0.4/src/base32.ts": "07cbfd2551cf1ef4e45784058f7583495354a167c17a75b6cbdbf6b11d91c235",
    "https://raw.githubusercontent.com/nats-io/nkeys.js/v1.0.4/src/codec.ts": "23a574d4c7e4059c503992d6cb8ab0aa5c518f52848c4599ce04049a75f8e8ee",
    "https://raw.githubusercontent.com/nats-io/nkeys.js/v1.0.4/src/crc16.ts": "0290d486579668a79602cef211a28038630e685147e8ddf79b32ff41a871cfdd",
    "https://raw.githubusercontent.com/nats-io/nkeys.js/v1.0.4/src/helper.ts": "8c4121b879ac5d0d4e05b227e15a7e29057642282f020d49de36ca3c33b7d1ed",
    "https://raw.githubusercontent.com/nats-io/nkeys.js/v1.0.4/src/kp.ts": "360259ef2bea8ee65c8fce04efb4b5aaff14382d155c0668c131d959ef9098bb",
    "https://raw.githubusercontent.com/nats-io/nkeys.js/v1.0.4/src/mod.ts": "467181195143688f969a8d1f106e4d5064116d4736a77347f681c2a6c010ede4",
    "https://raw.githubusercontent.com/nats-io/nkeys.js/v1.0.4/src/nkeys.ts": "ef6d234c2661598f39dd30f68b83be1ba84e6f89b851ffaabfad5128917cd8f3",
    "https://raw.githubusercontent.com/nats-io/nkeys.js/v1.0.4/src/public.ts": "b5c893dad5ec139296bcaec6ea11ab4cb06da4f6978e05ff9c37f7d17a7c6101",
    "https://raw.githubusercontent.com/nats-io/nkeys.js/v1.0.4/src/util.ts": "96c4c8f707ef6aaa00c23527d0a7b935efe1df3dd94e6d40707e37c5e0f14e27"
  }
}
